
Microsoft Visual Studio Solution File, Format Version 12.00
# Visual Studio 15
VisualStudioVersion = 15.0.28307.779
MinimumVisualStudioVersion = 10.0.40219.1
Project("{FAE04EC0-301F-11D3-BF4B-00C04F79EFBC}") = "PAteam.AcrobatReaderExtended.Library", "PAteam.AcrobatReaderExtended.Library\PAteam.AcrobatReaderExtended.Library.csproj", "{F4649825-6131-4735-AB71-C7642DEAA2F6}"
EndProject
Project("{2150E333-8FDC-42A3-9474-1A3956D46DE8}") = "Solution Items", "Solution Items", "{444A2516-728C-41F8-88C4-84A81766D46D}"
	ProjectSection(SolutionItems) = preProject
		Example Dproj\Example Extended Acrobat Reader.dproj = Example Dproj\Example Extended Acrobat Reader.dproj
		Example Dproj\Example Extended Acrobat Reader.resx = Example Dproj\Example Extended Acrobat Reader.resx
	EndProjectSection
EndProject
Global
	GlobalSection(SolutionConfigurationPlatforms) = preSolution
		Debug|Any CPU = Debug|Any CPU
		Release|Any CPU = Release|Any CPU
	EndGlobalSection
	GlobalSection(ProjectConfigurationPlatforms) = postSolution
		{F4649825-6131-4735-AB71-C7642DEAA2F6}.Debug|Any CPU.ActiveCfg = Debug|Any CPU
		{F4649825-6131-4735-AB71-C7642DEAA2F6}.Debug|Any CPU.Build.0 = Debug|Any CPU
		{F4649825-6131-4735-AB71-C7642DEAA2F6}.Release|Any CPU.ActiveCfg = Release|Any CPU
		{F4649825-6131-4735-AB71-C7642DEAA2F6}.Release|Any CPU.Build.0 = Release|Any CPU
	EndGlobalSection
	GlobalSection(SolutionProperties) = preSolution
		HideSolutionNode = FALSE
	EndGlobalSection
	GlobalSection(ExtensibilityGlobals) = postSolution
		SolutionGuid = {5A998AE4-D437-4D69-A327-FD734AA8FF02}
	EndGlobalSection
	GlobalSection(TeamFoundationVersionControl) = preSolution
		SccNumberOfProjects = 2
		SccEnterpriseProvider = {4CA58AB2-18FA-4F8D-95D4-32DDF27D184C}
		SccTeamFoundationServer = https://dev.azure.com/pateam
		SccLocalPath0 = .
		SccProjectUniqueName1 = PAteam.AcrobatReaderExtended.Library\\PAteam.AcrobatReaderExtended.Library.csproj
		SccProjectName1 = PAteam.AcrobatReaderExtended.Library
		SccLocalPath1 = PAteam.AcrobatReaderExtended.Library
	EndGlobalSection
EndGlobal
